# This file is generated by running "yarn install" inside your project.
# Manual changes might be lost - proceed with caution!

__metadata:
  version: 6
  cacheKey: 8

"@babel/code-frame@npm:^7.12.13":
  version: 7.18.6
  resolution: "@babel/code-frame@npm:7.18.6"
  dependencies:
    "@babel/highlight": ^7.18.6
  checksum: 195e2be3172d7684bf95cff69ae3b7a15a9841ea9d27d3c843662d50cdd7d6470fd9c8e64be84d031117e4a4083486effba39f9aef6bbb2c89f7f21bcfba33ba
  languageName: node
  linkType: hard

"@babel/helper-validator-identifier@npm:^7.18.6":
  version: 7.19.1
  resolution: "@babel/helper-validator-identifier@npm:7.19.1"
  checksum: 0eca5e86a729162af569b46c6c41a63e18b43dbe09fda1d2a3c8924f7d617116af39cac5e4cd5d431bb760b4dca3c0970e0c444789b1db42bcf1fa41fbad0a3a
  languageName: node
  linkType: hard

"@babel/highlight@npm:^7.18.6":
  version: 7.18.6
  resolution: "@babel/highlight@npm:7.18.6"
  dependencies:
    "@babel/helper-validator-identifier": ^7.18.6
    chalk: ^2.0.0
    js-tokens: ^4.0.0
  checksum: 92d8ee61549de5ff5120e945e774728e5ccd57fd3b2ed6eace020ec744823d4a98e242be1453d21764a30a14769ecd62170fba28539b211799bbaf232bbb2789
  languageName: node
  linkType: hard

"@jest/expect-utils@npm:^29.6.1":
  version: 29.6.1
  resolution: "@jest/expect-utils@npm:29.6.1"
  dependencies:
    jest-get-type: ^29.4.3
  checksum: 037ee017eca62f7b45e1465fb5c6f9e92d5709a9ac716b8bff0bd294240a54de734e8f968fb69309cc4aef6c83b9552d5a821f3b18371af394bf04783859d706
  languageName: node
  linkType: hard

"@jest/schemas@npm:^29.6.0":
  version: 29.6.0
  resolution: "@jest/schemas@npm:29.6.0"
  dependencies:
    "@sinclair/typebox": ^0.27.8
  checksum: c00511c69cf89138a7d974404d3a5060af375b5a52b9c87215d91873129b382ca11c1ff25bd6d605951404bb381ddce5f8091004a61e76457da35db1f5c51365
  languageName: node
  linkType: hard

"@jest/types@npm:^29.6.1":
  version: 29.6.1
  resolution: "@jest/types@npm:29.6.1"
  dependencies:
    "@jest/schemas": ^29.6.0
    "@types/istanbul-lib-coverage": ^2.0.0
    "@types/istanbul-reports": ^3.0.0
    "@types/node": "*"
    "@types/yargs": ^17.0.8
    chalk: ^4.0.0
  checksum: 89fc1ccf71a84fe0da643e0675b1cfe6a6f19ea72e935b2ab1dbdb56ec547e94433fb59b3536d3832a6e156c077865b7176fe9dae707dab9c3d2f9405ba6233c
  languageName: node
  linkType: hard

"@sinclair/typebox@npm:^0.27.8":
  version: 0.27.8
  resolution: "@sinclair/typebox@npm:0.27.8"
  checksum: 00bd7362a3439021aa1ea51b0e0d0a0e8ca1351a3d54c606b115fdcc49b51b16db6e5f43b4fe7a28c38688523e22a94d49dd31168868b655f0d4d50f032d07a1
  languageName: node
  linkType: hard

"@tsconfig/recommended@npm:^1.0.2":
  version: 1.0.2
  resolution: "@tsconfig/recommended@npm:1.0.2"
  checksum: 8dab26157fc9748ff2d090b95f4dbe2aeb592dbdcf90f373f712da5ac54ff24f66193e7ee68fdc45880e7f767cfeb339ef3e9970ca59608ef93225db047f0d16
  languageName: node
  linkType: hard

"@types/istanbul-lib-coverage@npm:*, @types/istanbul-lib-coverage@npm:^2.0.0":
  version: 2.0.4
  resolution: "@types/istanbul-lib-coverage@npm:2.0.4"
  checksum: a25d7589ee65c94d31464c16b72a9dc81dfa0bea9d3e105ae03882d616e2a0712a9c101a599ec482d297c3591e16336962878cb3eb1a0a62d5b76d277a890ce7
  languageName: node
  linkType: hard

"@types/istanbul-lib-report@npm:*":
  version: 3.0.0
  resolution: "@types/istanbul-lib-report@npm:3.0.0"
  dependencies:
    "@types/istanbul-lib-coverage": "*"
  checksum: 656398b62dc288e1b5226f8880af98087233cdb90100655c989a09f3052b5775bf98ba58a16c5ae642fb66c61aba402e07a9f2bff1d1569e3b306026c59f3f36
  languageName: node
  linkType: hard

"@types/istanbul-reports@npm:^3.0.0":
  version: 3.0.1
  resolution: "@types/istanbul-reports@npm:3.0.1"
  dependencies:
    "@types/istanbul-lib-report": "*"
  checksum: f1ad54bc68f37f60b30c7915886b92f86b847033e597f9b34f2415acdbe5ed742fa559a0a40050d74cdba3b6a63c342cac1f3a64dba5b68b66a6941f4abd7903
  languageName: node
  linkType: hard

"@types/jest@npm:^29.5.3":
  version: 29.5.3
  resolution: "@types/jest@npm:29.5.3"
  dependencies:
    expect: ^29.0.0
    pretty-format: ^29.0.0
  checksum: e36bb92e0b9e5ea7d6f8832baa42f087fc1697f6cd30ec309a07ea4c268e06ec460f1f0cfd2581daf5eff5763475190ec1ad8ac6520c49ccfe4f5c0a48bfa676
  languageName: node
  linkType: hard

"@types/node@npm:*":
  version: 18.14.6
  resolution: "@types/node@npm:18.14.6"
  checksum: 2f88f482cabadc6dbddd627a1674239e68c3c9beab56eb4ae2309fb96fd17fc3a509d99b0309bafe13b58529574f49ecf3a583f2ebe2896dd32fe4be436dc96e
  languageName: node
  linkType: hard

"@types/stack-utils@npm:^2.0.0":
  version: 2.0.1
  resolution: "@types/stack-utils@npm:2.0.1"
  checksum: 205fdbe3326b7046d7eaf5e494d8084f2659086a266f3f9cf00bccc549c8e36e407f88168ad4383c8b07099957ad669f75f2532ed4bc70be2b037330f7bae019
  languageName: node
  linkType: hard

"@types/yargs-parser@npm:*":
  version: 21.0.0
  resolution: "@types/yargs-parser@npm:21.0.0"
  checksum: b2f4c8d12ac18a567440379909127cf2cec393daffb73f246d0a25df36ea983b93b7e9e824251f959e9f928cbc7c1aab6728d0a0ff15d6145f66cec2be67d9a2
  languageName: node
  linkType: hard

"@types/yargs@npm:^17.0.8":
  version: 17.0.22
  resolution: "@types/yargs@npm:17.0.22"
  dependencies:
    "@types/yargs-parser": "*"
  checksum: 0773523fda71bafdc52f13f5970039e535a353665a60ba9261149a5c9c2b908242e6e77fbb7a8c06931ec78ce889d64d09673c68ba23eb5f5742d5385d0d1982
  languageName: node
  linkType: hard

"aggregate-error@npm:^3.0.0":
  version: 3.1.0
  resolution: "aggregate-error@npm:3.1.0"
  dependencies:
    clean-stack: ^2.0.0
    indent-string: ^4.0.0
  checksum: 1101a33f21baa27a2fa8e04b698271e64616b886795fd43c31068c07533c7b3facfcaf4e9e0cab3624bd88f729a592f1c901a1a229c9e490eafce411a8644b79
  languageName: node
  linkType: hard

"ansi-escapes@npm:^4.3.0":
  version: 4.3.2
  resolution: "ansi-escapes@npm:4.3.2"
  dependencies:
    type-fest: ^0.21.3
  checksum: 93111c42189c0a6bed9cdb4d7f2829548e943827ee8479c74d6e0b22ee127b2a21d3f8b5ca57723b8ef78ce011fbfc2784350eb2bde3ccfccf2f575fa8489815
  languageName: node
  linkType: hard

"ansi-regex@npm:^5.0.1":
  version: 5.0.1
  resolution: "ansi-regex@npm:5.0.1"
  checksum: 2aa4bb54caf2d622f1afdad09441695af2a83aa3fe8b8afa581d205e57ed4261c183c4d3877cee25794443fde5876417d859c108078ab788d6af7e4fe52eb66b
  languageName: node
  linkType: hard

"ansi-regex@npm:^6.0.1":
  version: 6.0.1
  resolution: "ansi-regex@npm:6.0.1"
  checksum: 1ff8b7667cded1de4fa2c9ae283e979fc87036864317da86a2e546725f96406746411d0d85e87a2d12fa5abd715d90006de7fa4fa0477c92321ad3b4c7d4e169
  languageName: node
  linkType: hard

"ansi-styles@npm:^3.2.1":
  version: 3.2.1
  resolution: "ansi-styles@npm:3.2.1"
  dependencies:
    color-convert: ^1.9.0
  checksum: d85ade01c10e5dd77b6c89f34ed7531da5830d2cb5882c645f330079975b716438cd7ebb81d0d6e6b4f9c577f19ae41ab55f07f19786b02f9dfd9e0377395665
  languageName: node
  linkType: hard

"ansi-styles@npm:^4.0.0, ansi-styles@npm:^4.1.0":
  version: 4.3.0
  resolution: "ansi-styles@npm:4.3.0"
  dependencies:
    color-convert: ^2.0.1
  checksum: 513b44c3b2105dd14cc42a19271e80f386466c4be574bccf60b627432f9198571ebf4ab1e4c3ba17347658f4ee1711c163d574248c0c1cdc2d5917a0ad582ec4
  languageName: node
  linkType: hard

"ansi-styles@npm:^5.0.0":
  version: 5.2.0
  resolution: "ansi-styles@npm:5.2.0"
  checksum: d7f4e97ce0623aea6bc0d90dcd28881ee04cba06c570b97fd3391bd7a268eedfd9d5e2dd4fdcbdd82b8105df5faf6f24aaedc08eaf3da898e702db5948f63469
  languageName: node
  linkType: hard

"ansi-styles@npm:^6.0.0":
  version: 6.2.1
  resolution: "ansi-styles@npm:6.2.1"
  checksum: ef940f2f0ced1a6347398da88a91da7930c33ecac3c77b72c5905f8b8fe402c52e6fde304ff5347f616e27a742da3f1dc76de98f6866c69251ad0b07a66776d9
  languageName: node
  linkType: hard

"astral-regex@npm:^2.0.0":
  version: 2.0.0
  resolution: "astral-regex@npm:2.0.0"
  checksum: 876231688c66400473ba505731df37ea436e574dd524520294cc3bbc54ea40334865e01fa0d074d74d036ee874ee7e62f486ea38bc421ee8e6a871c06f011766
  languageName: node
  linkType: hard

"braces@npm:^3.0.2":
  version: 3.0.2
  resolution: "braces@npm:3.0.2"
  dependencies:
    fill-range: ^7.0.1
  checksum: e2a8e769a863f3d4ee887b5fe21f63193a891c68b612ddb4b68d82d1b5f3ff9073af066c343e9867a393fe4c2555dcb33e89b937195feb9c1613d259edfcd459
  languageName: node
  linkType: hard

"chalk@npm:5.2.0":
  version: 5.2.0
  resolution: "chalk@npm:5.2.0"
  checksum: 03d8060277de6cf2fd567dc25fcf770593eb5bb85f460ce443e49255a30ff1242edd0c90a06a03803b0466ff0687a939b41db1757bec987113e83de89a003caa
  languageName: node
  linkType: hard

"chalk@npm:^2.0.0":
  version: 2.4.2
  resolution: "chalk@npm:2.4.2"
  dependencies:
    ansi-styles: ^3.2.1
    escape-string-regexp: ^1.0.5
    supports-color: ^5.3.0
  checksum: ec3661d38fe77f681200f878edbd9448821924e0f93a9cefc0e26a33b145f1027a2084bf19967160d11e1f03bfe4eaffcabf5493b89098b2782c3fe0b03d80c2
  languageName: node
  linkType: hard

"chalk@npm:^4.0.0":
  version: 4.1.2
  resolution: "chalk@npm:4.1.2"
  dependencies:
    ansi-styles: ^4.1.0
    supports-color: ^7.1.0
  checksum: fe75c9d5c76a7a98d45495b91b2172fa3b7a09e0cc9370e5c8feb1c567b85c4288e2b3fded7cfdd7359ac28d6b3844feb8b82b8686842e93d23c827c417e83fc
  languageName: node
  linkType: hard

"ci-info@npm:^3.2.0":
  version: 3.8.0
  resolution: "ci-info@npm:3.8.0"
  checksum: d0a4d3160497cae54294974a7246202244fff031b0a6ea20dd57b10ec510aa17399c41a1b0982142c105f3255aff2173e5c0dd7302ee1b2f28ba3debda375098
  languageName: node
  linkType: hard

"clean-stack@npm:^2.0.0":
  version: 2.2.0
  resolution: "clean-stack@npm:2.2.0"
  checksum: 2ac8cd2b2f5ec986a3c743935ec85b07bc174d5421a5efc8017e1f146a1cf5f781ae962618f416352103b32c9cd7e203276e8c28241bbe946160cab16149fb68
  languageName: node
  linkType: hard

"cli-cursor@npm:^3.1.0":
  version: 3.1.0
  resolution: "cli-cursor@npm:3.1.0"
  dependencies:
    restore-cursor: ^3.1.0
  checksum: 2692784c6cd2fd85cfdbd11f53aea73a463a6d64a77c3e098b2b4697a20443f430c220629e1ca3b195ea5ac4a97a74c2ee411f3807abf6df2b66211fec0c0a29
  languageName: node
  linkType: hard

"cli-truncate@npm:^2.1.0":
  version: 2.1.0
  resolution: "cli-truncate@npm:2.1.0"
  dependencies:
    slice-ansi: ^3.0.0
    string-width: ^4.2.0
  checksum: bf1e4e6195392dc718bf9cd71f317b6300dc4a9191d052f31046b8773230ece4fa09458813bf0e3455a5e68c0690d2ea2c197d14a8b85a7b5e01c97f4b5feb5d
  languageName: node
  linkType: hard

"cli-truncate@npm:^3.1.0":
  version: 3.1.0
  resolution: "cli-truncate@npm:3.1.0"
  dependencies:
    slice-ansi: ^5.0.0
    string-width: ^5.0.0
  checksum: c3243e41974445691c63f8b405df1d5a24049dc33d324fe448dc572e561a7b772ae982692900b1a5960901cc4fc7def25a629b9c69a4208ee89d12ab3332617a
  languageName: node
  linkType: hard

"color-convert@npm:^1.9.0":
  version: 1.9.3
  resolution: "color-convert@npm:1.9.3"
  dependencies:
    color-name: 1.1.3
  checksum: fd7a64a17cde98fb923b1dd05c5f2e6f7aefda1b60d67e8d449f9328b4e53b228a428fd38bfeaeb2db2ff6b6503a776a996150b80cdf224062af08a5c8a3a203
  languageName: node
  linkType: hard

"color-convert@npm:^2.0.1":
  version: 2.0.1
  resolution: "color-convert@npm:2.0.1"
  dependencies:
    color-name: ~1.1.4
  checksum: 79e6bdb9fd479a205c71d89574fccfb22bd9053bd98c6c4d870d65c132e5e904e6034978e55b43d69fcaa7433af2016ee203ce76eeba9cfa554b373e7f7db336
  languageName: node
  linkType: hard

"color-name@npm:1.1.3":
  version: 1.1.3
  resolution: "color-name@npm:1.1.3"
  checksum: 09c5d3e33d2105850153b14466501f2bfb30324a2f76568a408763a3b7433b0e50e5b4ab1947868e65cb101bb7cb75029553f2c333b6d4b8138a73fcc133d69d
  languageName: node
  linkType: hard

"color-name@npm:~1.1.4":
  version: 1.1.4
  resolution: "color-name@npm:1.1.4"
  checksum: b0445859521eb4021cd0fb0cc1a75cecf67fceecae89b63f62b201cca8d345baf8b952c966862a9d9a2632987d4f6581f0ec8d957dfacece86f0a7919316f610
  languageName: node
  linkType: hard

"colorette@npm:^2.0.19":
  version: 2.0.19
  resolution: "colorette@npm:2.0.19"
  checksum: 888cf5493f781e5fcf54ce4d49e9d7d698f96ea2b2ef67906834bb319a392c667f9ec69f4a10e268d2946d13a9503d2d19b3abaaaf174e3451bfe91fb9d82427
  languageName: node
  linkType: hard

"commander@npm:^10.0.0":
  version: 10.0.0
  resolution: "commander@npm:10.0.0"
  checksum: 9f6495651f878213005ac744dd87a85fa3d9f2b8b90d1c19d0866d666bda7f735adfd7c2f10dfff345782e2f80ea258f98bb4efcef58e4e502f25f883940acfd
  languageName: node
  linkType: hard

"cross-spawn@npm:^7.0.3":
  version: 7.0.3
  resolution: "cross-spawn@npm:7.0.3"
  dependencies:
    path-key: ^3.1.0
    shebang-command: ^2.0.0
    which: ^2.0.1
  checksum: 671cc7c7288c3a8406f3c69a3ae2fc85555c04169e9d611def9a675635472614f1c0ed0ef80955d5b6d4e724f6ced67f0ad1bb006c2ea643488fcfef994d7f52
  languageName: node
  linkType: hard

"debug@npm:^4.3.4":
  version: 4.3.4
  resolution: "debug@npm:4.3.4"
  dependencies:
    ms: 2.1.2
  peerDependenciesMeta:
    supports-color:
      optional: true
  checksum: 3dbad3f94ea64f34431a9cbf0bafb61853eda57bff2880036153438f50fb5a84f27683ba0d8e5426bf41a8c6ff03879488120cf5b3a761e77953169c0600a708
  languageName: node
  linkType: hard

"diff-sequences@npm:^29.4.3":
  version: 29.4.3
  resolution: "diff-sequences@npm:29.4.3"
  checksum: 28b265e04fdddcf7f9f814effe102cc95a9dec0564a579b5aed140edb24fc345c611ca52d76d725a3cab55d3888b915b5e8a4702e0f6058968a90fa5f41fcde7
  languageName: node
  linkType: hard

"dotenv@npm:^16.0.3":
  version: 16.0.3
  resolution: "dotenv@npm:16.0.3"
  checksum: afcf03f373d7a6d62c7e9afea6328e62851d627a4e73f2e12d0a8deae1cd375892004f3021883f8aec85932cd2834b091f568ced92b4774625b321db83b827f8
  languageName: node
  linkType: hard

"eastasianwidth@npm:^0.2.0":
  version: 0.2.0
  resolution: "eastasianwidth@npm:0.2.0"
  checksum: 7d00d7cd8e49b9afa762a813faac332dee781932d6f2c848dc348939c4253f1d4564341b7af1d041853bc3f32c2ef141b58e0a4d9862c17a7f08f68df1e0f1ed
  languageName: node
  linkType: hard

"emoji-regex@npm:^8.0.0":
  version: 8.0.0
  resolution: "emoji-regex@npm:8.0.0"
  checksum: d4c5c39d5a9868b5fa152f00cada8a936868fd3367f33f71be515ecee4c803132d11b31a6222b2571b1e5f7e13890156a94880345594d0ce7e3c9895f560f192
  languageName: node
  linkType: hard

"emoji-regex@npm:^9.2.2":
  version: 9.2.2
  resolution: "emoji-regex@npm:9.2.2"
  checksum: 8487182da74aabd810ac6d6f1994111dfc0e331b01271ae01ec1eb0ad7b5ecc2bbbbd2f053c05cb55a1ac30449527d819bbfbf0e3de1023db308cbcb47f86601
  languageName: node
  linkType: hard

"escape-string-regexp@npm:^1.0.5":
  version: 1.0.5
  resolution: "escape-string-regexp@npm:1.0.5"
  checksum: 6092fda75c63b110c706b6a9bfde8a612ad595b628f0bd2147eea1d3406723020810e591effc7db1da91d80a71a737a313567c5abb3813e8d9c71f4aa595b410
  languageName: node
  linkType: hard

"escape-string-regexp@npm:^2.0.0":
  version: 2.0.0
  resolution: "escape-string-regexp@npm:2.0.0"
  checksum: 9f8a2d5743677c16e85c810e3024d54f0c8dea6424fad3c79ef6666e81dd0846f7437f5e729dfcdac8981bc9e5294c39b4580814d114076b8d36318f46ae4395
  languageName: node
  linkType: hard

"execa@npm:^7.0.0":
  version: 7.0.0
  resolution: "execa@npm:7.0.0"
  dependencies:
    cross-spawn: ^7.0.3
    get-stream: ^6.0.1
    human-signals: ^4.3.0
    is-stream: ^3.0.0
    merge-stream: ^2.0.0
    npm-run-path: ^5.1.0
    onetime: ^6.0.0
    signal-exit: ^3.0.7
    strip-final-newline: ^3.0.0
  checksum: be7c7b6d1e5473f628e46888b0cf8279da483c1a6000dd494a2059cc26591ded57ba46be1c9bdde1ec895e7eb8b18911174aba425cd971d41d140a9405da9a02
  languageName: node
  linkType: hard

"expect@npm:^29.0.0":
  version: 29.6.1
  resolution: "expect@npm:29.6.1"
  dependencies:
    "@jest/expect-utils": ^29.6.1
    "@types/node": "*"
    jest-get-type: ^29.4.3
    jest-matcher-utils: ^29.6.1
    jest-message-util: ^29.6.1
    jest-util: ^29.6.1
  checksum: 4e712e52c90f6c54e748fd2876be33c43ada6a59088ddf6a1acb08b18b3b97b3a672124684abe32599986d2f2a438d5afad148837ee06ea386d2a4bf0348de78
  languageName: node
  linkType: hard

"fill-range@npm:^7.0.1":
  version: 7.0.1
  resolution: "fill-range@npm:7.0.1"
  dependencies:
    to-regex-range: ^5.0.1
  checksum: cc283f4e65b504259e64fd969bcf4def4eb08d85565e906b7d36516e87819db52029a76b6363d0f02d0d532f0033c9603b9e2d943d56ee3b0d4f7ad3328ff917
  languageName: node
  linkType: hard

"get-stream@npm:^6.0.1":
  version: 6.0.1
  resolution: "get-stream@npm:6.0.1"
  checksum: e04ecece32c92eebf5b8c940f51468cd53554dcbb0ea725b2748be583c9523d00128137966afce410b9b051eb2ef16d657cd2b120ca8edafcf5a65e81af63cad
  languageName: node
  linkType: hard

"graceful-fs@npm:^4.2.9":
  version: 4.2.10
  resolution: "graceful-fs@npm:4.2.10"
  checksum: 3f109d70ae123951905d85032ebeae3c2a5a7a997430df00ea30df0e3a6c60cf6689b109654d6fdacd28810a053348c4d14642da1d075049e6be1ba5216218da
  languageName: node
  linkType: hard

"has-flag@npm:^3.0.0":
  version: 3.0.0
  resolution: "has-flag@npm:3.0.0"
  checksum: 4a15638b454bf086c8148979aae044dd6e39d63904cd452d970374fa6a87623423da485dfb814e7be882e05c096a7ccf1ebd48e7e7501d0208d8384ff4dea73b
  languageName: node
  linkType: hard

"has-flag@npm:^4.0.0":
  version: 4.0.0
  resolution: "has-flag@npm:4.0.0"
  checksum: 261a1357037ead75e338156b1f9452c016a37dcd3283a972a30d9e4a87441ba372c8b81f818cd0fbcd9c0354b4ae7e18b9e1afa1971164aef6d18c2b6095a8ad
  languageName: node
  linkType: hard

"human-signals@npm:^4.3.0":
  version: 4.3.0
  resolution: "human-signals@npm:4.3.0"
  checksum: 662b976b1063a8afb8fd7fa50bde6975997e17ea6ceba2aad54aacf1dc239a2cd7d14d27b3ceca0c6288627f4b45c56c2c89618455ff52cd9377c02d6328cd7c
  languageName: node
  linkType: hard

"husky@npm:^8.0.0":
  version: 8.0.3
  resolution: "husky@npm:8.0.3"
  bin:
    husky: lib/bin.js
  checksum: 837bc7e4413e58c1f2946d38fb050f5d7324c6f16b0fd66411ffce5703b294bd21429e8ba58711cd331951ee86ed529c5be4f76805959ff668a337dbfa82a1b0
  languageName: node
  linkType: hard

"indent-string@npm:^4.0.0":
  version: 4.0.0
  resolution: "indent-string@npm:4.0.0"
  checksum: 824cfb9929d031dabf059bebfe08cf3137365e112019086ed3dcff6a0a7b698cb80cf67ccccde0e25b9e2d7527aa6cc1fed1ac490c752162496caba3e6699612
  languageName: node
  linkType: hard

"is-fullwidth-code-point@npm:^3.0.0":
  version: 3.0.0
  resolution: "is-fullwidth-code-point@npm:3.0.0"
  checksum: 44a30c29457c7fb8f00297bce733f0a64cd22eca270f83e58c105e0d015e45c019491a4ab2faef91ab51d4738c670daff901c799f6a700e27f7314029e99e348
  languageName: node
  linkType: hard

"is-fullwidth-code-point@npm:^4.0.0":
  version: 4.0.0
  resolution: "is-fullwidth-code-point@npm:4.0.0"
  checksum: 8ae89bf5057bdf4f57b346fb6c55e9c3dd2549983d54191d722d5c739397a903012cc41a04ee3403fd872e811243ef91a7c5196da7b5841dc6b6aae31a264a8d
  languageName: node
  linkType: hard

"is-number@npm:^7.0.0":
  version: 7.0.0
  resolution: "is-number@npm:7.0.0"
  checksum: 456ac6f8e0f3111ed34668a624e45315201dff921e5ac181f8ec24923b99e9f32ca1a194912dc79d539c97d33dba17dc635202ff0b2cf98326f608323276d27a
  languageName: node
  linkType: hard

"is-stream@npm:^3.0.0":
  version: 3.0.0
  resolution: "is-stream@npm:3.0.0"
  checksum: 172093fe99119ffd07611ab6d1bcccfe8bc4aa80d864b15f43e63e54b7abc71e779acd69afdb854c4e2a67fdc16ae710e370eda40088d1cfc956a50ed82d8f16
  languageName: node
  linkType: hard

"isexe@npm:^2.0.0":
  version: 2.0.0
  resolution: "isexe@npm:2.0.0"
  checksum: 26bf6c5480dda5161c820c5b5c751ae1e766c587b1f951ea3fcfc973bafb7831ae5b54a31a69bd670220e42e99ec154475025a468eae58ea262f813fdc8d1c62
  languageName: node
  linkType: hard

"jest-diff@npm:^29.6.1":
  version: 29.6.1
  resolution: "jest-diff@npm:29.6.1"
  dependencies:
    chalk: ^4.0.0
    diff-sequences: ^29.4.3
    jest-get-type: ^29.4.3
    pretty-format: ^29.6.1
  checksum: c6350178ca27d92c7fd879790fb2525470c1ff1c5d29b1834a240fecd26c6904fb470ebddb98dc96dd85389c56c3b50e6965a1f5203e9236d213886ed9806219
  languageName: node
  linkType: hard

"jest-get-type@npm:^29.4.3":
  version: 29.4.3
  resolution: "jest-get-type@npm:29.4.3"
  checksum: 6ac7f2dde1c65e292e4355b6c63b3a4897d7e92cb4c8afcf6d397f2682f8080e094c8b0b68205a74d269882ec06bf696a9de6cd3e1b7333531e5ed7b112605ce
  languageName: node
  linkType: hard

"jest-matcher-utils@npm:^29.6.1":
  version: 29.6.1
  resolution: "jest-matcher-utils@npm:29.6.1"
  dependencies:
    chalk: ^4.0.0
    jest-diff: ^29.6.1
    jest-get-type: ^29.4.3
    pretty-format: ^29.6.1
  checksum: d2efa6aed6e4820758b732b9fefd315c7fa4508ee690da656e1c5ac4c1a0f4cee5b04c9719ee1fda9aeb883b4209186c145089ced521e715b9fa70afdfa4a9c6
  languageName: node
  linkType: hard

"jest-message-util@npm:^29.6.1":
  version: 29.6.1
  resolution: "jest-message-util@npm:29.6.1"
  dependencies:
    "@babel/code-frame": ^7.12.13
    "@jest/types": ^29.6.1
    "@types/stack-utils": ^2.0.0
    chalk: ^4.0.0
    graceful-fs: ^4.2.9
    micromatch: ^4.0.4
    pretty-format: ^29.6.1
    slash: ^3.0.0
    stack-utils: ^2.0.3
  checksum: 3e7cb2ff087fe72255292e151d24e4fbb4cd6134885c0a67a4b302f233fe4110bf7580b176f427f05ad7550eb878ed94237209785d09d659a7d171ffa59c068f
  languageName: node
  linkType: hard

"jest-util@npm:^29.6.1":
  version: 29.6.1
  resolution: "jest-util@npm:29.6.1"
  dependencies:
    "@jest/types": ^29.6.1
    "@types/node": "*"
    chalk: ^4.0.0
    ci-info: ^3.2.0
    graceful-fs: ^4.2.9
    picomatch: ^2.2.3
  checksum: fc553556c1350c443449cadaba5fb9d604628e8b5ceb6ceaf4e7e08975b24277d0a14bf2e0f956024e03c23e556fcb074659423422a06fbedf2ab52978697ac7
  languageName: node
  linkType: hard

"js-tokens@npm:^4.0.0":
  version: 4.0.0
  resolution: "js-tokens@npm:4.0.0"
  checksum: 8a95213a5a77deb6cbe94d86340e8d9ace2b93bc367790b260101d2f36a2eaf4e4e22d9fa9cf459b38af3a32fb4190e638024cf82ec95ef708680e405ea7cc78
  languageName: node
  linkType: hard

"langchainjs@workspace:.":
  version: 0.0.0-use.local
  resolution: "langchainjs@workspace:."
  dependencies:
    "@tsconfig/recommended": ^1.0.2
    "@types/jest": ^29.5.3
    dotenv: ^16.0.3
    husky: ^8.0.0
    lint-staged: ^13.1.1
    prettier: ^2.8.3
    turbo: 1.12.2
    typescript: ^5.0.0
  languageName: unknown
  linkType: soft

"lilconfig@npm:2.1.0":
  version: 2.1.0
  resolution: "lilconfig@npm:2.1.0"
  checksum: 8549bb352b8192375fed4a74694cd61ad293904eee33f9d4866c2192865c44c4eb35d10782966242634e0cbc1e91fe62b1247f148dc5514918e3a966da7ea117
  languageName: node
  linkType: hard

"lint-staged@npm:^13.1.1":
  version: 13.1.4
  resolution: "lint-staged@npm:13.1.4"
  dependencies:
    chalk: 5.2.0
    cli-truncate: ^3.1.0
    commander: ^10.0.0
    debug: ^4.3.4
    execa: ^7.0.0
    lilconfig: 2.1.0
    listr2: ^5.0.7
    micromatch: ^4.0.5
    normalize-path: ^3.0.0
    object-inspect: ^1.12.3
    pidtree: ^0.6.0
    string-argv: ^0.3.1
    supports-color: 9.3.1
    yaml: ^2.2.1
  bin:
    lint-staged: bin/lint-staged.js
  checksum: 75729290bd78c026351b1fd39f9bcbee3744f93e6d66a0125119c59de108205872b6fb7732437dc3bd363716bf7c3585e0c1f93a3419eae87aaa2878de0225e3
  languageName: node
  linkType: hard

"listr2@npm:^5.0.7":
  version: 5.0.7
  resolution: "listr2@npm:5.0.7"
  dependencies:
    cli-truncate: ^2.1.0
    colorette: ^2.0.19
    log-update: ^4.0.0
    p-map: ^4.0.0
    rfdc: ^1.3.0
    rxjs: ^7.8.0
    through: ^2.3.8
    wrap-ansi: ^7.0.0
  peerDependencies:
    enquirer: ">= 2.3.0 < 3"
  peerDependenciesMeta:
    enquirer:
      optional: true
  checksum: 5c2cb6ba3f7a5cfd548f89405febe73dc937acb6060227198c05da0ed5d5285a8107c61fcc4e33884e3bbdd447411aff7580af396bd22b6a11047ceab4950fab
  languageName: node
  linkType: hard

"log-update@npm:^4.0.0":
  version: 4.0.0
  resolution: "log-update@npm:4.0.0"
  dependencies:
    ansi-escapes: ^4.3.0
    cli-cursor: ^3.1.0
    slice-ansi: ^4.0.0
    wrap-ansi: ^6.2.0
  checksum: ae2f85bbabc1906034154fb7d4c4477c79b3e703d22d78adee8b3862fa913942772e7fa11713e3d96fb46de4e3cabefbf5d0a544344f03b58d3c4bff52aa9eb2
  languageName: node
  linkType: hard

"merge-stream@npm:^2.0.0":
  version: 2.0.0
  resolution: "merge-stream@npm:2.0.0"
  checksum: 6fa4dcc8d86629705cea944a4b88ef4cb0e07656ebf223fa287443256414283dd25d91c1cd84c77987f2aec5927af1a9db6085757cb43d90eb170ebf4b47f4f4
  languageName: node
  linkType: hard

"micromatch@npm:^4.0.4, micromatch@npm:^4.0.5":
  version: 4.0.5
  resolution: "micromatch@npm:4.0.5"
  dependencies:
    braces: ^3.0.2
    picomatch: ^2.3.1
  checksum: 02a17b671c06e8fefeeb6ef996119c1e597c942e632a21ef589154f23898c9c6a9858526246abb14f8bca6e77734aa9dcf65476fca47cedfb80d9577d52843fc
  languageName: node
  linkType: hard

"mimic-fn@npm:^2.1.0":
  version: 2.1.0
  resolution: "mimic-fn@npm:2.1.0"
  checksum: d2421a3444848ce7f84bd49115ddacff29c15745db73f54041edc906c14b131a38d05298dae3081667627a59b2eb1ca4b436ff2e1b80f69679522410418b478a
  languageName: node
  linkType: hard

"mimic-fn@npm:^4.0.0":
  version: 4.0.0
  resolution: "mimic-fn@npm:4.0.0"
  checksum: 995dcece15ee29aa16e188de6633d43a3db4611bcf93620e7e62109ec41c79c0f34277165b8ce5e361205049766e371851264c21ac64ca35499acb5421c2ba56
  languageName: node
  linkType: hard

"ms@npm:2.1.2":
  version: 2.1.2
  resolution: "ms@npm:2.1.2"
  checksum: 673cdb2c3133eb050c745908d8ce632ed2c02d85640e2edb3ace856a2266a813b30c613569bf3354fdf4ea7d1a1494add3bfa95e2713baa27d0c2c71fc44f58f
  languageName: node
  linkType: hard

"normalize-path@npm:^3.0.0":
  version: 3.0.0
  resolution: "normalize-path@npm:3.0.0"
  checksum: 88eeb4da891e10b1318c4b2476b6e2ecbeb5ff97d946815ffea7794c31a89017c70d7f34b3c2ebf23ef4e9fc9fb99f7dffe36da22011b5b5c6ffa34f4873ec20
  languageName: node
  linkType: hard

"npm-run-path@npm:^5.1.0":
  version: 5.1.0
  resolution: "npm-run-path@npm:5.1.0"
  dependencies:
    path-key: ^4.0.0
  checksum: dc184eb5ec239d6a2b990b43236845332ef12f4e0beaa9701de724aa797fe40b6bbd0157fb7639d24d3ab13f5d5cf22d223a19c6300846b8126f335f788bee66
  languageName: node
  linkType: hard

"object-inspect@npm:^1.12.3":
  version: 1.12.3
  resolution: "object-inspect@npm:1.12.3"
  checksum: dabfd824d97a5f407e6d5d24810d888859f6be394d8b733a77442b277e0808860555176719c5905e765e3743a7cada6b8b0a3b85e5331c530fd418cc8ae991db
  languageName: node
  linkType: hard

"onetime@npm:^5.1.0":
  version: 5.1.2
  resolution: "onetime@npm:5.1.2"
  dependencies:
    mimic-fn: ^2.1.0
  checksum: 2478859ef817fc5d4e9c2f9e5728512ddd1dbc9fb7829ad263765bb6d3b91ce699d6e2332eef6b7dff183c2f490bd3349f1666427eaba4469fba0ac38dfd0d34
  languageName: node
  linkType: hard

"onetime@npm:^6.0.0":
  version: 6.0.0
  resolution: "onetime@npm:6.0.0"
  dependencies:
    mimic-fn: ^4.0.0
  checksum: 0846ce78e440841335d4e9182ef69d5762e9f38aa7499b19f42ea1c4cd40f0b4446094c455c713f9adac3f4ae86f613bb5e30c99e52652764d06a89f709b3788
  languageName: node
  linkType: hard

"p-map@npm:^4.0.0":
  version: 4.0.0
  resolution: "p-map@npm:4.0.0"
  dependencies:
    aggregate-error: ^3.0.0
  checksum: cb0ab21ec0f32ddffd31dfc250e3afa61e103ef43d957cc45497afe37513634589316de4eb88abdfd969fe6410c22c0b93ab24328833b8eb1ccc087fc0442a1c
  languageName: node
  linkType: hard

"path-key@npm:^3.1.0":
  version: 3.1.1
  resolution: "path-key@npm:3.1.1"
  checksum: 55cd7a9dd4b343412a8386a743f9c746ef196e57c823d90ca3ab917f90ab9f13dd0ded27252ba49dbdfcab2b091d998bc446f6220cd3cea65db407502a740020
  languageName: node
  linkType: hard

"path-key@npm:^4.0.0":
  version: 4.0.0
  resolution: "path-key@npm:4.0.0"
  checksum: 8e6c314ae6d16b83e93032c61020129f6f4484590a777eed709c4a01b50e498822b00f76ceaf94bc64dbd90b327df56ceadce27da3d83393790f1219e07721d7
  languageName: node
  linkType: hard

"picomatch@npm:^2.2.3, picomatch@npm:^2.3.1":
  version: 2.3.1
  resolution: "picomatch@npm:2.3.1"
  checksum: 050c865ce81119c4822c45d3c84f1ced46f93a0126febae20737bd05ca20589c564d6e9226977df859ed5e03dc73f02584a2b0faad36e896936238238b0446cf
  languageName: node
  linkType: hard

"pidtree@npm:^0.6.0":
  version: 0.6.0
  resolution: "pidtree@npm:0.6.0"
  bin:
    pidtree: bin/pidtree.js
  checksum: 8fbc073ede9209dd15e80d616e65eb674986c93be49f42d9ddde8dbbd141bb53d628a7ca4e58ab5c370bb00383f67d75df59a9a226dede8fa801267a7030c27a
  languageName: node
  linkType: hard

"prettier@npm:^2.8.3":
  version: 2.8.4
  resolution: "prettier@npm:2.8.4"
  bin:
    prettier: bin-prettier.js
  checksum: c173064bf3df57b6d93d19aa98753b9b9dd7657212e33b41ada8e2e9f9884066bb9ca0b4005b89b3ab137efffdf8fbe0b462785aba20364798ff4303aadda57e
  languageName: node
  linkType: hard

"pretty-format@npm:^29.0.0, pretty-format@npm:^29.6.1":
  version: 29.6.1
  resolution: "pretty-format@npm:29.6.1"
  dependencies:
    "@jest/schemas": ^29.6.0
    ansi-styles: ^5.0.0
    react-is: ^18.0.0
  checksum: 6f923a2379a37a425241dc223d76f671c73c4f37dba158050575a54095867d565c068b441843afdf3d7c37bed9df4bbadf46297976e60d4149972b779474203a
  languageName: node
  linkType: hard

"react-is@npm:^18.0.0":
  version: 18.2.0
  resolution: "react-is@npm:18.2.0"
  checksum: e72d0ba81b5922759e4aff17e0252bd29988f9642ed817f56b25a3e217e13eea8a7f2322af99a06edb779da12d5d636e9fda473d620df9a3da0df2a74141d53e
  languageName: node
  linkType: hard

"restore-cursor@npm:^3.1.0":
  version: 3.1.0
  resolution: "restore-cursor@npm:3.1.0"
  dependencies:
    onetime: ^5.1.0
    signal-exit: ^3.0.2
  checksum: f877dd8741796b909f2a82454ec111afb84eb45890eb49ac947d87991379406b3b83ff9673a46012fca0d7844bb989f45cc5b788254cf1a39b6b5a9659de0630
  languageName: node
  linkType: hard

"rfdc@npm:^1.3.0":
  version: 1.3.0
  resolution: "rfdc@npm:1.3.0"
  checksum: fb2ba8512e43519983b4c61bd3fa77c0f410eff6bae68b08614437bc3f35f91362215f7b4a73cbda6f67330b5746ce07db5dd9850ad3edc91271ad6deea0df32
  languageName: node
  linkType: hard

"rxjs@npm:^7.8.0":
  version: 7.8.0
  resolution: "rxjs@npm:7.8.0"
  dependencies:
    tslib: ^2.1.0
  checksum: 61b4d4fd323c1043d8d6ceb91f24183b28bcf5def4f01ca111511d5c6b66755bc5578587fe714ef5d67cf4c9f2e26f4490d4e1d8cabf9bd5967687835e9866a2
  languageName: node
  linkType: hard

"shebang-command@npm:^2.0.0":
  version: 2.0.0
  resolution: "shebang-command@npm:2.0.0"
  dependencies:
    shebang-regex: ^3.0.0
  checksum: 6b52fe87271c12968f6a054e60f6bde5f0f3d2db483a1e5c3e12d657c488a15474121a1d55cd958f6df026a54374ec38a4a963988c213b7570e1d51575cea7fa
  languageName: node
  linkType: hard

"shebang-regex@npm:^3.0.0":
  version: 3.0.0
  resolution: "shebang-regex@npm:3.0.0"
  checksum: 1a2bcae50de99034fcd92ad4212d8e01eedf52c7ec7830eedcf886622804fe36884278f2be8be0ea5fde3fd1c23911643a4e0f726c8685b61871c8908af01222
  languageName: node
  linkType: hard

"signal-exit@npm:^3.0.2, signal-exit@npm:^3.0.7":
  version: 3.0.7
  resolution: "signal-exit@npm:3.0.7"
  checksum: a2f098f247adc367dffc27845853e9959b9e88b01cb301658cfe4194352d8d2bb32e18467c786a7fe15f1d44b233ea35633d076d5e737870b7139949d1ab6318
  languageName: node
  linkType: hard

"slash@npm:^3.0.0":
  version: 3.0.0
  resolution: "slash@npm:3.0.0"
  checksum: 94a93fff615f25a999ad4b83c9d5e257a7280c90a32a7cb8b4a87996e4babf322e469c42b7f649fd5796edd8687652f3fb452a86dc97a816f01113183393f11c
  languageName: node
  linkType: hard

"slice-ansi@npm:^3.0.0":
  version: 3.0.0
  resolution: "slice-ansi@npm:3.0.0"
  dependencies:
    ansi-styles: ^4.0.0
    astral-regex: ^2.0.0
    is-fullwidth-code-point: ^3.0.0
  checksum: 5ec6d022d12e016347e9e3e98a7eb2a592213a43a65f1b61b74d2c78288da0aded781f665807a9f3876b9daa9ad94f64f77d7633a0458876c3a4fdc4eb223f24
  languageName: node
  linkType: hard

"slice-ansi@npm:^4.0.0":
  version: 4.0.0
  resolution: "slice-ansi@npm:4.0.0"
  dependencies:
    ansi-styles: ^4.0.0
    astral-regex: ^2.0.0
    is-fullwidth-code-point: ^3.0.0
  checksum: 4a82d7f085b0e1b070e004941ada3c40d3818563ac44766cca4ceadd2080427d337554f9f99a13aaeb3b4a94d9964d9466c807b3d7b7541d1ec37ee32d308756
  languageName: node
  linkType: hard

"slice-ansi@npm:^5.0.0":
  version: 5.0.0
  resolution: "slice-ansi@npm:5.0.0"
  dependencies:
    ansi-styles: ^6.0.0
    is-fullwidth-code-point: ^4.0.0
  checksum: 7e600a2a55e333a21ef5214b987c8358fe28bfb03c2867ff2cbf919d62143d1812ac27b4297a077fdaf27a03da3678e49551c93e35f9498a3d90221908a1180e
  languageName: node
  linkType: hard

"stack-utils@npm:^2.0.3":
  version: 2.0.6
  resolution: "stack-utils@npm:2.0.6"
  dependencies:
    escape-string-regexp: ^2.0.0
  checksum: 052bf4d25bbf5f78e06c1d5e67de2e088b06871fa04107ca8d3f0e9d9263326e2942c8bedee3545795fc77d787d443a538345eef74db2f8e35db3558c6f91ff7
  languageName: node
  linkType: hard

"string-argv@npm:^0.3.1":
  version: 0.3.1
  resolution: "string-argv@npm:0.3.1"
  checksum: efbd0289b599bee808ce80820dfe49c9635610715429c6b7cc50750f0437e3c2f697c81e5c390208c13b5d5d12d904a1546172a88579f6ee5cbaaaa4dc9ec5cf
  languageName: node
  linkType: hard

"string-width@npm:^4.1.0, string-width@npm:^4.2.0":
  version: 4.2.3
  resolution: "string-width@npm:4.2.3"
  dependencies:
    emoji-regex: ^8.0.0
    is-fullwidth-code-point: ^3.0.0
    strip-ansi: ^6.0.1
  checksum: e52c10dc3fbfcd6c3a15f159f54a90024241d0f149cf8aed2982a2d801d2e64df0bf1dc351cf8e95c3319323f9f220c16e740b06faecd53e2462df1d2b5443fb
  languageName: node
  linkType: hard

"string-width@npm:^5.0.0":
  version: 5.1.2
  resolution: "string-width@npm:5.1.2"
  dependencies:
    eastasianwidth: ^0.2.0
    emoji-regex: ^9.2.2
    strip-ansi: ^7.0.1
  checksum: 7369deaa29f21dda9a438686154b62c2c5f661f8dda60449088f9f980196f7908fc39fdd1803e3e01541970287cf5deae336798337e9319a7055af89dafa7193
  languageName: node
  linkType: hard

"strip-ansi@npm:^6.0.0, strip-ansi@npm:^6.0.1":
  version: 6.0.1
  resolution: "strip-ansi@npm:6.0.1"
  dependencies:
    ansi-regex: ^5.0.1
  checksum: f3cd25890aef3ba6e1a74e20896c21a46f482e93df4a06567cebf2b57edabb15133f1f94e57434e0a958d61186087b1008e89c94875d019910a213181a14fc8c
  languageName: node
  linkType: hard

"strip-ansi@npm:^7.0.1":
  version: 7.0.1
  resolution: "strip-ansi@npm:7.0.1"
  dependencies:
    ansi-regex: ^6.0.1
  checksum: 257f78fa433520e7f9897722731d78599cb3fce29ff26a20a5e12ba4957463b50a01136f37c43707f4951817a75e90820174853d6ccc240997adc5df8f966039
  languageName: node
  linkType: hard

"strip-final-newline@npm:^3.0.0":
  version: 3.0.0
  resolution: "strip-final-newline@npm:3.0.0"
  checksum: 23ee263adfa2070cd0f23d1ac14e2ed2f000c9b44229aec9c799f1367ec001478469560abefd00c5c99ee6f0b31c137d53ec6029c53e9f32a93804e18c201050
  languageName: node
  linkType: hard

"supports-color@npm:9.3.1":
  version: 9.3.1
  resolution: "supports-color@npm:9.3.1"
  checksum: 00c4d1082a7ba0ee21cba1d4e4a466642635412e40476777b530aa5110d035e99a420cd048e1fb6811f2254c0946095fbb87a1eccf1af1d1ca45ab0a4535db93
  languageName: node
  linkType: hard

"supports-color@npm:^5.3.0":
  version: 5.5.0
  resolution: "supports-color@npm:5.5.0"
  dependencies:
    has-flag: ^3.0.0
  checksum: 95f6f4ba5afdf92f495b5a912d4abee8dcba766ae719b975c56c084f5004845f6f5a5f7769f52d53f40e21952a6d87411bafe34af4a01e65f9926002e38e1dac
  languageName: node
  linkType: hard

"supports-color@npm:^7.1.0":
  version: 7.2.0
  resolution: "supports-color@npm:7.2.0"
  dependencies:
    has-flag: ^4.0.0
  checksum: 3dda818de06ebbe5b9653e07842d9479f3555ebc77e9a0280caf5a14fb877ffee9ed57007c3b78f5a6324b8dbeec648d9e97a24e2ed9fdb81ddc69ea07100f4a
  languageName: node
  linkType: hard

"through@npm:^2.3.8":
  version: 2.3.8
  resolution: "through@npm:2.3.8"
  checksum: a38c3e059853c494af95d50c072b83f8b676a9ba2818dcc5b108ef252230735c54e0185437618596c790bbba8fcdaef5b290405981ffa09dce67b1f1bf190cbd
  languageName: node
  linkType: hard

"to-regex-range@npm:^5.0.1":
  version: 5.0.1
  resolution: "to-regex-range@npm:5.0.1"
  dependencies:
    is-number: ^7.0.0
  checksum: f76fa01b3d5be85db6a2a143e24df9f60dd047d151062d0ba3df62953f2f697b16fe5dad9b0ac6191c7efc7b1d9dcaa4b768174b7b29da89d4428e64bc0a20ed
  languageName: node
  linkType: hard

"tslib@npm:^2.1.0":
  version: 2.5.0
  resolution: "tslib@npm:2.5.0"
  checksum: ae3ed5f9ce29932d049908ebfdf21b3a003a85653a9a140d614da6b767a93ef94f460e52c3d787f0e4f383546981713f165037dc2274df212ea9f8a4541004e1
  languageName: node
  linkType: hard

"turbo-darwin-64@npm:1.12.2":
  version: 1.12.2
  resolution: "turbo-darwin-64@npm:1.12.2"
  conditions: os=darwin & cpu=x64
  languageName: node
  linkType: hard

"turbo-darwin-arm64@npm:1.12.2":
  version: 1.12.2
  resolution: "turbo-darwin-arm64@npm:1.12.2"
  conditions: os=darwin & cpu=arm64
  languageName: node
  linkType: hard

"turbo-linux-64@npm:1.12.2":
  version: 1.12.2
  resolution: "turbo-linux-64@npm:1.12.2"
  conditions: os=linux & cpu=x64
  languageName: node
  linkType: hard

"turbo-linux-arm64@npm:1.12.2":
  version: 1.12.2
  resolution: "turbo-linux-arm64@npm:1.12.2"
  conditions: os=linux & cpu=arm64
  languageName: node
  linkType: hard

"turbo-windows-64@npm:1.12.2":
  version: 1.12.2
  resolution: "turbo-windows-64@npm:1.12.2"
  conditions: os=win32 & cpu=x64
  languageName: node
  linkType: hard

"turbo-windows-arm64@npm:1.12.2":
  version: 1.12.2
  resolution: "turbo-windows-arm64@npm:1.12.2"
  conditions: os=win32 & cpu=arm64
  languageName: node
  linkType: hard

"turbo@npm:1.12.2":
  version: 1.12.2
  resolution: "turbo@npm:1.12.2"
  dependencies:
    turbo-darwin-64: 1.12.2
    turbo-darwin-arm64: 1.12.2
    turbo-linux-64: 1.12.2
    turbo-linux-arm64: 1.12.2
    turbo-windows-64: 1.12.2
    turbo-windows-arm64: 1.12.2
  dependenciesMeta:
    turbo-darwin-64:
      optional: true
    turbo-darwin-arm64:
      optional: true
    turbo-linux-64:
      optional: true
    turbo-linux-arm64:
      optional: true
    turbo-windows-64:
      optional: true
    turbo-windows-arm64:
      optional: true
  bin:
    turbo: bin/turbo
  checksum: a889988310fbd088e241a4aeb1f5ea34a9dba231ab77cd6764dbe53a81e07ec1dde4d7123f543e06cc6cd653f350886424ccc9d883af645816e859d455042cf1
  languageName: node
  linkType: hard

"type-fest@npm:^0.21.3":
  version: 0.21.3
  resolution: "type-fest@npm:0.21.3"
  checksum: e6b32a3b3877f04339bae01c193b273c62ba7bfc9e325b8703c4ee1b32dc8fe4ef5dfa54bf78265e069f7667d058e360ae0f37be5af9f153b22382cd55a9afe0
  languageName: node
  linkType: hard

"typescript@npm:^5.0.0":
  version: 5.0.4
  resolution: "typescript@npm:5.0.4"
  bin:
    tsc: bin/tsc
    tsserver: bin/tsserver
  checksum: 82b94da3f4604a8946da585f7d6c3025fff8410779e5bde2855ab130d05e4fd08938b9e593b6ebed165bda6ad9292b230984f10952cf82f0a0ca07bbeaa08172
  languageName: node
  linkType: hard

"typescript@patch:typescript@^5.0.0#~builtin<compat/typescript>":
  version: 5.0.4
  resolution: "typescript@patch:typescript@npm%3A5.0.4#~builtin<compat/typescript>::version=5.0.4&hash=701156"
  bin:
    tsc: bin/tsc
    tsserver: bin/tsserver
  checksum: 6a1fe9a77bb9c5176ead919cc4a1499ee63e46b4e05bf667079f11bf3a8f7887f135aa72460a4c3b016e6e6bb65a822cb8689a6d86cbfe92d22cc9f501f09213
  languageName: node
  linkType: hard

"which@npm:^2.0.1":
  version: 2.0.2
  resolution: "which@npm:2.0.2"
  dependencies:
    isexe: ^2.0.0
  bin:
    node-which: ./bin/node-which
  checksum: 1a5c563d3c1b52d5f893c8b61afe11abc3bab4afac492e8da5bde69d550de701cf9806235f20a47b5c8fa8a1d6a9135841de2596535e998027a54589000e66d1
  languageName: node
  linkType: hard

"wrap-ansi@npm:^6.2.0":
  version: 6.2.0
  resolution: "wrap-ansi@npm:6.2.0"
  dependencies:
    ansi-styles: ^4.0.0
    string-width: ^4.1.0
    strip-ansi: ^6.0.0
  checksum: 6cd96a410161ff617b63581a08376f0cb9162375adeb7956e10c8cd397821f7eb2a6de24eb22a0b28401300bf228c86e50617cd568209b5f6775b93c97d2fe3a
  languageName: node
  linkType: hard

"wrap-ansi@npm:^7.0.0":
  version: 7.0.0
  resolution: "wrap-ansi@npm:7.0.0"
  dependencies:
    ansi-styles: ^4.0.0
    string-width: ^4.1.0
    strip-ansi: ^6.0.0
  checksum: a790b846fd4505de962ba728a21aaeda189b8ee1c7568ca5e817d85930e06ef8d1689d49dbf0e881e8ef84436af3a88bc49115c2e2788d841ff1b8b5b51a608b
  languageName: node
  linkType: hard

"yaml@npm:^2.2.1":
  version: 2.2.1
  resolution: "yaml@npm:2.2.1"
  checksum: 84f68cbe462d5da4e7ded4a8bded949ffa912bc264472e5a684c3d45b22d8f73a3019963a32164023bdf3d83cfb6f5b58ff7b2b10ef5b717c630f40bd6369a23
  languageName: node
  linkType: hard
